// !$*UTF8*$!
{
	archiveVersion = 1;
	classes = {
	};
	objectVersion = 50;
	objects = {

/* Begin PBXBuildFile section */
		14A4840324AE891100E11ABF /* AppDelegate.m in Sources */ = {isa = PBXBuildFile; fileRef = 14A4840224AE891100E11ABF /* AppDelegate.m */; };
		14A4840624AE891100E11ABF /* NSTabView_test.xcdatamodeld in Sources */ = {isa = PBXBuildFile; fileRef = 14A4840424AE891100E11ABF /* NSTabView_test.xcdatamodeld */; };
		14A4840824AE891300E11ABF /* Assets.xcassets in Resources */ = {isa = PBXBuildFile; fileRef = 14A4840724AE891300E11ABF /* Assets.xcassets */; };
		14A4840B24AE891300E11ABF /* MainMenu.xib in Resources */ = {isa = PBXBuildFile; fileRef = 14A4840924AE891300E11ABF /* MainMenu.xib */; };
		14A4840E24AE891300E11ABF /* main.m in Sources */ = {isa = PBXBuildFile; fileRef = 14A4840D24AE891300E11ABF /* main.m */; };
/* End PBXBuildFile section */

/* Begin PBXFileReference section */
		14A483FE24AE891100E11ABF /* NSTabView_test.app */ = {isa = PBXFileReference; explicitFileType = wrapper.application; includeInIndex = 0; path = NSTabView_test.app; sourceTree = BUILT_PRODUCTS_DIR; };
		14A4840124AE891100E11ABF /* AppDelegate.h */ = {isa = PBXFileReference; lastKnownFileType = sourcecode.c.h; path = AppDelegate.h; sourceTree = "<group>"; };
		14A4840224AE891100E11ABF /* AppDelegate.m */ = {isa = PBXFileReference; lastKnownFileType = sourcecode.c.objc; path = AppDelegate.m; sourceTree = "<group>"; };
		14A4840524AE891100E11ABF /* NSTabView_test.xcdatamodel */ = {isa = PBXFileReference; lastKnownFileType = wrapper.xcdatamodel; path = NSTabView_test.xcdatamodel; sourceTree = "<group>"; };
		14A4840724AE891300E11ABF /* Assets.xcassets */ = {isa = PBXFileReference; lastKnownFileType = folder.assetcatalog; path = Assets.xcassets; sourceTree = "<group>"; };
		14A4840A24AE891300E11ABF /* Base */ = {isa = PBXFileReference; lastKnownFileType = file.xib; name = Base; path = Base.lproj/MainMenu.xib; sourceTree = "<group>"; };
		14A4840C24AE891300E11ABF /* Info.plist */ = {isa = PBXFileReference; lastKnownFileType = text.plist.xml; path = Info.plist; sourceTree = "<group>"; };
		14A4840D24AE891300E11ABF /* main.m */ = {isa = PBXFileReference; lastKnownFileType = sourcecode.c.objc; path = main.m; sourceTree = "<group>"; };
		14A4840F24AE891300E11ABF /* NSTabView_test.entitlements */ = {isa = PBXFileReference; lastKnownFileType = text.plist.entitlements; path = NSTabView_test.entitlements; sourceTree = "<group>"; };
/* End PBXFileReference section */

/* Begin PBXFrameworksBuildPhase section */
		14A483FB24AE891100E11ABF /* Frameworks */ = {
			isa = PBXFrameworksBuildPhase;
			buildActionMask = 2147483647;
			files = (
			);
			runOnlyForDeploymentPostprocessing = 0;
		};
/* End PBXFrameworksBuildPhase section */

/* Begin PBXGroup section */
		14A483F524AE891100E11ABF = {
			isa = PBXGroup;
			children = (
				14A4840024AE891100E11ABF /* NSTabView_test */,
				14A483FF24AE891100E11ABF /* Products */,
			);
			sourceTree = "<group>";
		};
		14A483FF24AE891100E11ABF /* Products */ = {
			isa = PBXGroup;
			children = (
				14A483FE24AE891100E11ABF /* NSTabView_test.app */,
			);
			name = Products;
			sourceTree = "<group>";
		};
		14A4840024AE891100E11ABF /* NSTabView_test */ = {
			isa = PBXGroup;
			children = (
				14A4840124AE891100E11ABF /* AppDelegate.h */,
				14A4840224AE891100E11ABF /* AppDelegate.m */,
				14A4840724AE891300E11ABF /* Assets.xcassets */,
				14A4840924AE891300E11ABF /* MainMenu.xib */,
				14A4840C24AE891300E11ABF /* Info.plist */,
				14A4840D24AE891300E11ABF /* main.m */,
				14A4840F24AE891300E11ABF /* NSTabView_test.entitlements */,
				14A4840424AE891100E11ABF /* NSTabView_test.xcdatamodeld */,
			);
			path = NSTabView_test;
			sourceTree = "<group>";
		};
/* End PBXGroup section */

/* Begin PBXNativeTarget section */
		14A483FD24AE891100E11ABF /* NSTabView_test */ = {
			isa = PBXNativeTarget;
			buildConfigurationList = 14A4841224AE891300E11ABF /* Build configuration list for PBXNativeTarget "NSTabView_test" */;
			buildPhases = (
				14A483FA24AE891100E11ABF /* Sources */,
				14A483FB24AE891100E11ABF /* Frameworks */,
				14A483FC24AE891100E11ABF /* Resources */,
			);
			buildRules = (
			);
			dependencies = (
			);
			name = NSTabView_test;
			productName = NSTabView_test;
			productReference = 14A483FE24AE891100E11ABF /* NSTabView_test.app */;
			productType = "com.apple.product-type.application";
		};
/* End PBXNativeTarget section */

/* Begin PBXProject section */
		14A483F624AE891100E11ABF /* Project object */ = {
			isa = PBXProject;
			attributes = {
				LastUpgradeCheck = 1150;
				ORGANIZATIONNAME = "Open Logic Corporation";
				TargetAttributes = {
					14A483FD24AE891100E11ABF = {
						CreatedOnToolsVersion = 11.5;
					};
				};
			};
			buildConfigurationList = 14A483F924AE891100E11ABF /* Build configuration list for PBXProject "NSTabView_test" */;
			compatibilityVersion = "Xcode 9.3";
			developmentRegion = en;
			hasScannedForEncodings = 0;
			knownRegions = (
				en,
				Base,
			);
			mainGroup = 14A483F524AE891100E11ABF;
			productRefGroup = 14A483FF24AE891100E11ABF /* Products */;
			projectDirPath = "";
			projectRoot = "";
			targets = (
				14A483FD24AE891100E11ABF /* NSTabView_test */,
			);
		};
/* End PBXProject section */

/* Begin PBXResourcesBuildPhase section */
		14A483FC24AE891100E11ABF /* Resources */ = {
			isa = PBXResourcesBuildPhase;
			buildActionMask = 2147483647;
			files = (
				14A4840824AE891300E11ABF /* Assets.xcassets in Resources */,
				14A4840B24AE891300E11ABF /* MainMenu.xib in Resources */,
			);
			runOnlyForDeploymentPostprocessing = 0;
		};
/* End PBXResourcesBuildPhase section */

/* Begin PBXSourcesBuildPhase section */
		14A483FA24AE891100E11ABF /* Sources */ = {
			isa = PBXSourcesBuildPhase;
			buildActionMask = 2147483647;
			files = (
				14A4840324AE891100E11ABF /* AppDelegate.m in Sources */,
				14A4840E24AE891300E11ABF /* main.m in Sources */,
				14A4840624AE891100E11ABF /* NSTabView_test.xcdatamodeld in Sources */,
			);
			runOnlyForDeploymentPostprocessing = 0;
		};
/* End PBXSourcesBuildPhase section */

/* Begin PBXVariantGroup section */
		14A4840924AE891300E11ABF /* MainMenu.xib */ = {
			isa = PBXVariantGroup;
			children = (
				14A4840A24AE891300E11ABF /* Base */,
			);
			name = MainMenu.xib;
			sourceTree = "<group>";
		};
/* End PBXVariantGroup section */

/* Begin XCBuildConfiguration section */
		14A4841024AE891300E11ABF /* Debug */ = {
			isa = XCBuildConfiguration;
			buildSettings = {
				ALWAYS_SEARCH_USER_PATHS = NO;
				CLANG_ANALYZER_NONNULL = YES;
				CLANG_ANALYZER_NUMBER_OBJECT_CONVERSION = YES_AGGRESSIVE;
				CLANG_CXX_LANGUAGE_STANDARD = "gnu++14";
				CLANG_CXX_LIBRARY = "libc++";
				CLANG_ENABLE_MODULES = YES;
				CLANG_ENABLE_OBJC_ARC = YES;
				CLANG_ENABLE_OBJC_WEAK = YES;
				CLANG_WARN_BLOCK_CAPTURE_AUTORELEASING = YES;
				CLANG_WARN_BOOL_CONVERSION = YES;
				CLANG_WARN_COMMA = YES;
				CLANG_WARN_CONSTANT_CONVERSION = YES;
				CLANG_WARN_DEPRECATED_OBJC_IMPLEMENTATIONS = YES;
				CLANG_WARN_DIRECT_OBJC_ISA_USAGE = YES_ERROR;
				CLANG_WARN_DOCUMENTATION_COMMENTS = YES;
				CLANG_WARN_EMPTY_BODY = YES;
				CLANG_WARN_ENUM_CONVERSION = YES;
				CLANG_WARN_INFINITE_RECURSION = YES;
				CLANG_WARN_INT_CONVERSION = YES;
				CLANG_WARN_NON_LITERAL_NULL_CONVERSION = YES;
				CLANG_WARN_OBJC_IMPLICIT_RETAIN_SELF = YES;
				CLANG_WARN_OBJC_LITERAL_CONVERSION = YES;
				CLANG_WARN_OBJC_ROOT_CLASS = YES_ERROR;
				CLANG_WARN_RANGE_LOOP_ANALYSIS = YES;
				CLANG_WARN_STRICT_PROTOTYPES = YES;
				CLANG_WARN_SUSPICIOUS_MOVE = YES;
				CLANG_WARN_UNGUARDED_AVAILABILITY = YES_AGGRESSIVE;
				CLANG_WARN_UNREACHABLE_CODE = YES;
				CLANG_WARN__DUPLICATE_METHOD_MATCH = YES;
				COPY_PHASE_STRIP = NO;
				DEBUG_INFORMATION_FORMAT = dwarf;
				ENABLE_STRICT_OBJC_MSGSEND = YES;
				ENABLE_TESTABILITY = YES;
				GCC_C_LANGUAGE_STANDARD = gnu11;
				GCC_DYNAMIC_NO_PIC = NO;
				GCC_NO_COMMON_BLOCKS = YES;
				GCC_OPTIMIZATION_LEVEL = 0;
				GCC_PREPROCESSOR_DEFINITIONS = (
					"DEBUG=1",
					"$(inherited)",
				);
				GCC_WARN_64_TO_32_BIT_CONVERSION = YES;
				GCC_WARN_ABOUT_RETURN_TYPE = YES_ERROR;
				GCC_WARN_UNDECLARED_SELECTOR = YES;
				GCC_WARN_UNINITIALIZED_AUTOS = YES_AGGRESSIVE;
				GCC_WARN_UNUSED_FUNCTION = YES;
				GCC_WARN_UNUSED_VARIABLE = YES;
				MACOSX_DEPLOYMENT_TARGET = 10.15;
				MTL_ENABLE_DEBUG_INFO = INCLUDE_SOURCE;
				MTL_FAST_MATH = YES;
				ONLY_ACTIVE_ARCH = YES;
				SDKROOT = macosx;
			};
			name = Debug;
		};
		14A4841124AE891300E11ABF /* Release */ = {
			isa = XCBuildConfiguration;
			buildSettings = {
				ALWAYS_SEARCH_USER_PATHS = NO;
				CLANG_ANALYZER_NONNULL = YES;
				CLANG_ANALYZER_NUMBER_OBJECT_CONVERSION = YES_AGGRESSIVE;
				CLANG_CXX_LANGUAGE_STANDARD = "gnu++14";
				CLANG_CXX_LIBRARY = "libc++";
				CLANG_ENABLE_MODULES = YES;
				CLANG_ENABLE_OBJC_ARC = YES;
				CLANG_ENABLE_OBJC_WEAK = YES;
				CLANG_WARN_BLOCK_CAPTURE_AUTORELEASING = YES;
				CLANG_WARN_BOOL_CONVERSION = YES;
				CLANG_WARN_COMMA = YES;
				CLANG_WARN_CONSTANT_CONVERSION = YES;
				CLANG_WARN_DEPRECATED_OBJC_IMPLEMENTATIONS = YES;
				CLANG_WARN_DIRECT_OBJC_ISA_USAGE = YES_ERROR;
				CLANG_WARN_DOCUMENTATION_COMMENTS = YES;
				CLANG_WARN_EMPTY_BODY = YES;
				CLANG_WARN_ENUM_CONVERSION = YES;
				CLANG_WARN_INFINITE_RECURSION = YES;
				CLANG_WARN_INT_CONVERSION = YES;
				CLANG_WARN_NON_LITERAL_NULL_CONVERSION = YES;
				CLANG_WARN_OBJC_IMPLICIT_RETAIN_SELF = YES;
				CLANG_WARN_OBJC_LITERAL_CONVERSION = YES;
				CLANG_WARN_OBJC_ROOT_CLASS = YES_ERROR;
				CLANG_WARN_RANGE_LOOP_ANALYSIS = YES;
				CLANG_WARN_STRICT_PROTOTYPES = YES;
				CLANG_WARN_SUSPICIOUS_MOVE = YES;
				CLANG_WARN_UNGUARDED_AVAILABILITY = YES_AGGRESSIVE;
				CLANG_WARN_UNREACHABLE_CODE = YES;
				CLANG_WARN__DUPLICATE_METHOD_MATCH = YES;
				COPY_PHASE_STRIP = NO;
				DEBUG_INFORMATION_FORMAT = "dwarf-with-dsym";
				ENABLE_NS_ASSERTIONS = NO;
				ENABLE_STRICT_OBJC_MSGSEND = YES;
				GCC_C_LANGUAGE_STANDARD = gnu11;
				GCC_NO_COMMON_BLOCKS = YES;
				GCC_WARN_64_TO_32_BIT_CONVERSION = YES;
				GCC_WARN_ABOUT_RETURN_TYPE = YES_ERROR;
				GCC_WARN_UNDECLARED_SELECTOR = YES;
				GCC_WARN_UNINITIALIZED_AUTOS = YES_AGGRESSIVE;
				GCC_WARN_UNUSED_FUNCTION = YES;
				GCC_WARN_UNUSED_VARIABLE = YES;
				MACOSX_DEPLOYMENT_TARGET = 10.15;
				MTL_ENABLE_DEBUG_INFO = NO;
				MTL_FAST_MATH = YES;
				SDKROOT = macosx;
			};
			name = Release;
		};
		14A4841324AE891300E11ABF /* Debug */ = {
			isa = XCBuildConfiguration;
			buildSettings = {
				ASSETCATALOG_COMPILER_APPICON_NAME = AppIcon;
				CODE_SIGN_ENTITLEMENTS = NSTabView_test/NSTabView_test.entitlements;
				CODE_SIGN_STYLE = Automatic;
				COMBINE_HIDPI_IMAGES = YES;
				INFOPLIST_FILE = NSTabView_test/Info.plist;
				LD_RUNPATH_SEARCH_PATHS = (
					"$(inherited)",
					"@executable_path/../Frameworks",
				);
				PRODUCT_BUNDLE_IDENTIFIER = "com.olc.NSTabView-test";
				PRODUCT_NAME = "$(TARGET_NAME)";
			};
			name = Debug;
		};
		14A4841424AE891300E11ABF /* Release */ = {
			isa = XCBuildConfiguration;
			buildSettings = {
				ASSETCATALOG_COMPILER_APPICON_NAME = AppIcon;
				CODE_SIGN_ENTITLEMENTS = NSTabView_test/NSTabView_test.entitlements;
				CODE_SIGN_STYLE = Automatic;
				COMBINE_HIDPI_IMAGES = YES;
				INFOPLIST_FILE = NSTabView_test/Info.plist;
				LD_RUNPATH_SEARCH_PATHS = (
					"$(inherited)",
					"@executable_path/../Frameworks",
				);
				PRODUCT_BUNDLE_IDENTIFIER = "com.olc.NSTabView-test";
				PRODUCT_NAME = "$(TARGET_NAME)";
			};
			name = Release;
		};
/* End XCBuildConfiguration section */

/* Begin XCConfigurationList section */
		14A483F924AE891100E11ABF /* Build configuration list for PBXProject "NSTabView_test" */ = {
			isa = XCConfigurationList;
			buildConfigurations = (
				14A4841024AE891300E11ABF /* Debug */,
				14A4841124AE891300E11ABF /* Release */,
			);
			defaultConfigurationIsVisible = 0;
			defaultConfigurationName = Release;
		};
		14A4841224AE891300E11ABF /* Build configuration list for PBXNativeTarget "NSTabView_test" */ = {
			isa = XCConfigurationList;
			buildConfigurations = (
				14A4841324AE891300E11ABF /* Debug */,
				14A4841424AE891300E11ABF /* Release */,
			);
			defaultConfigurationIsVisible = 0;
			defaultConfigurationName = Release;
		};
/* End XCConfigurationList section */

/* Begin XCVersionGroup section */
		14A4840424AE891100E11ABF /* NSTabView_test.xcdatamodeld */ = {
			isa = XCVersionGroup;
			children = (
				14A4840524AE891100E11ABF /* NSTabView_test.xcdatamodel */,
			);
			currentVersion = 14A4840524AE891100E11ABF /* NSTabView_test.xcdatamodel */;
			path = NSTabView_test.xcdatamodeld;
			sourceTree = "<group>";
			versionGroupType = wrapper.xcdatamodel;
		};
/* End XCVersionGroup section */
	};
	rootObject = 14A483F624AE891100E11ABF /* Project object */;
}
